name: arctic-scisynth-2026-rwd
channels:
  - conda-forge
dependencies:
  - nbformat
  - python=3.11
  - seaborn
  - jupyter
  - python-docx
  - pandas
  - matplotlib
  - folium
  - numpy
  - ipykernel
  - openpyxl
  - geopy
  - pytest
  - requests
  - nbmake
# Generated by: conda env export --from-history -n arctic-scisynth-2026-rwd
# This captures the explicit dependency specs, not pinned versions.
# For full version pins, run: conda env export -n arctic-scisynth-2026-rwd
